
Microsoft Visual Studio Solution File, Format Version 12.00
# Visual Studio 15
VisualStudioVersion = 15.0.28307.489
MinimumVisualStudioVersion = 10.0.40219.1
Project("{FAE04EC0-301F-11D3-BF4B-00C04F79EFBC}") = "census", "census\census.csproj", "{4486F0E1-1282-4834-9E6E-2582E7F5DCFE}"
EndProject
Project("{2150E333-8FDC-42A3-9474-1A3956D46DE8}") = "Solution Items", "Solution Items", "{E9B034F3-7C27-451B-9B7D-60AFED0ACAD3}"
	ProjectSection(SolutionItems) = preProject
		..\..\..\Downloads\1.png = ..\..\..\Downloads\1.png
		StyleSheet1.css = StyleSheet1.css
	EndProjectSection
EndProject
Global
	GlobalSection(SolutionConfigurationPlatforms) = preSolution
		Debug|Any CPU = Debug|Any CPU
		Release|Any CPU = Release|Any CPU
	EndGlobalSection
	GlobalSection(ProjectConfigurationPlatforms) = postSolution
		{4486F0E1-1282-4834-9E6E-2582E7F5DCFE}.Debug|Any CPU.ActiveCfg = Debug|Any CPU
		{4486F0E1-1282-4834-9E6E-2582E7F5DCFE}.Debug|Any CPU.Build.0 = Debug|Any CPU
		{4486F0E1-1282-4834-9E6E-2582E7F5DCFE}.Release|Any CPU.ActiveCfg = Release|Any CPU
		{4486F0E1-1282-4834-9E6E-2582E7F5DCFE}.Release|Any CPU.Build.0 = Release|Any CPU
	EndGlobalSection
	GlobalSection(SolutionProperties) = preSolution
		HideSolutionNode = FALSE
	EndGlobalSection
	GlobalSection(ExtensibilityGlobals) = postSolution
		SolutionGuid = {6E0B49C2-FB4C-4D33-989D-D79CCAF1FE2F}
	EndGlobalSection
EndGlobal
